
Microsoft Visual Studio Solution File, Format Version 12.00
# Visual Studio Version 17
VisualStudioVersion = 17.0.31903.59
MinimumVisualStudioVersion = 10.0.40219.1
Project("{FAE04EC0-301F-11D3-BF4B-00C04F79EFBC}") = "API", "API\API.csproj", "{5206BC84-9A35-4271-A2BF-C716923DEF38}"
EndProject
Project("{FAE04EC0-301F-11D3-BF4B-00C04F79EFBC}") = "Application", "Application\Application.csproj", "{F193EA91-B7A2-4C3E-86F7-2FC5AE0C4B50}"
EndProject
Project("{FAE04EC0-301F-11D3-BF4B-00C04F79EFBC}") = "Domain", "Domain\Domain.csproj", "{4411BA75-0204-4CA6-AF1C-E8256DF97206}"
EndProject
Project("{FAE04EC0-301F-11D3-BF4B-00C04F79EFBC}") = "Persistence", "Persistence\Persistence.csproj", "{0DB3BBC1-527A-4BAF-9151-25CDFE494A68}"
EndProject
Global
	GlobalSection(SolutionConfigurationPlatforms) = preSolution
		Debug|Any CPU = Debug|Any CPU
		Release|Any CPU = Release|Any CPU
	EndGlobalSection
	GlobalSection(SolutionProperties) = preSolution
		HideSolutionNode = FALSE
	EndGlobalSection
	GlobalSection(ProjectConfigurationPlatforms) = postSolution
		{5206BC84-9A35-4271-A2BF-C716923DEF38}.Debug|Any CPU.ActiveCfg = Debug|Any CPU
		{5206BC84-9A35-4271-A2BF-C716923DEF38}.Debug|Any CPU.Build.0 = Debug|Any CPU
		{5206BC84-9A35-4271-A2BF-C716923DEF38}.Release|Any CPU.ActiveCfg = Release|Any CPU
		{5206BC84-9A35-4271-A2BF-C716923DEF38}.Release|Any CPU.Build.0 = Release|Any CPU
		{F193EA91-B7A2-4C3E-86F7-2FC5AE0C4B50}.Debug|Any CPU.ActiveCfg = Debug|Any CPU
		{F193EA91-B7A2-4C3E-86F7-2FC5AE0C4B50}.Debug|Any CPU.Build.0 = Debug|Any CPU
		{F193EA91-B7A2-4C3E-86F7-2FC5AE0C4B50}.Release|Any CPU.ActiveCfg = Release|Any CPU
		{F193EA91-B7A2-4C3E-86F7-2FC5AE0C4B50}.Release|Any CPU.Build.0 = Release|Any CPU
		{4411BA75-0204-4CA6-AF1C-E8256DF97206}.Debug|Any CPU.ActiveCfg = Debug|Any CPU
		{4411BA75-0204-4CA6-AF1C-E8256DF97206}.Debug|Any CPU.Build.0 = Debug|Any CPU
		{4411BA75-0204-4CA6-AF1C-E8256DF97206}.Release|Any CPU.ActiveCfg = Release|Any CPU
		{4411BA75-0204-4CA6-AF1C-E8256DF97206}.Release|Any CPU.Build.0 = Release|Any CPU
		{0DB3BBC1-527A-4BAF-9151-25CDFE494A68}.Debug|Any CPU.ActiveCfg = Debug|Any CPU
		{0DB3BBC1-527A-4BAF-9151-25CDFE494A68}.Debug|Any CPU.Build.0 = Debug|Any CPU
		{0DB3BBC1-527A-4BAF-9151-25CDFE494A68}.Release|Any CPU.ActiveCfg = Release|Any CPU
		{0DB3BBC1-527A-4BAF-9151-25CDFE494A68}.Release|Any CPU.Build.0 = Release|Any CPU
	EndGlobalSection
EndGlobal
